
Microsoft Visual Studio Solution File, Format Version 12.00
# Visual Studio 15
VisualStudioVersion = 15.0.26430.13
MinimumVisualStudioVersion = 10.0.40219.1
Project("{8BC9CEB8-8B4A-11D0-8D11-00A0C91BC942}") = "RatNumClassOverloadOperator", "RatNumClassOverloadOperator\RatNumClassOverloadOperator.vcxproj", "{07DBC1F7-A69F-434E-95BE-26DA69ED3B64}"
EndProject
Global
	GlobalSection(SolutionConfigurationPlatforms) = preSolution
		Debug|x64 = Debug|x64
		Debug|x86 = Debug|x86
		Release|x64 = Release|x64
		Release|x86 = Release|x86
	EndGlobalSection
	GlobalSection(ProjectConfigurationPlatforms) = postSolution
		{07DBC1F7-A69F-434E-95BE-26DA69ED3B64}.Debug|x64.ActiveCfg = Debug|x64
		{07DBC1F7-A69F-434E-95BE-26DA69ED3B64}.Debug|x64.Build.0 = Debug|x64
		{07DBC1F7-A69F-434E-95BE-26DA69ED3B64}.Debug|x86.ActiveCfg = Debug|Win32
		{07DBC1F7-A69F-434E-95BE-26DA69ED3B64}.Debug|x86.Build.0 = Debug|Win32
		{07DBC1F7-A69F-434E-95BE-26DA69ED3B64}.Release|x64.ActiveCfg = Release|x64
		{07DBC1F7-A69F-434E-95BE-26DA69ED3B64}.Release|x64.Build.0 = Release|x64
		{07DBC1F7-A69F-434E-95BE-26DA69ED3B64}.Release|x86.ActiveCfg = Release|Win32
		{07DBC1F7-A69F-434E-95BE-26DA69ED3B64}.Release|x86.Build.0 = Release|Win32
	EndGlobalSection
	GlobalSection(SolutionProperties) = preSolution
		HideSolutionNode = FALSE
	EndGlobalSection
EndGlobal
